{"is_source_file": false, "format": "", "description": "", "external_files": [], "external_methods": [], "published": [], "classes": [], "methods": [], "calls": [], "search-terms": [], "state": 2, "file_id": 3, "knowledge_revision": 6, "git_revision": "4be2d13cfff2d3413db021f852579a9a5317876f", "hash": "b7eea264a73aebd06432ef6588eb3d52", "format-version": 4, "code-base-name": "default", "filename": "tic_tac_toe/post_process_status.lock", "revision_history": [{"6": "4be2d13cfff2d3413db021f852579a9a5317876f"}]}